
Microsoft Visual Studio Solution File, Format Version 12.00
# Visual Studio Version 17
VisualStudioVersion = 17.3.32825.248
MinimumVisualStudioVersion = 10.0.40219.1
Project("{FAE04EC0-301F-11D3-BF4B-00C04F79EFBC}") = "FootballManagement", "FootballManagement\FootballManagement.csproj", "{536A197A-FA4C-408E-8594-F98851C10E48}"
EndProject
Global
	GlobalSection(SolutionConfigurationPlatforms) = preSolution
		Debug|Any CPU = Debug|Any CPU
		Release|Any CPU = Release|Any CPU
	EndGlobalSection
	GlobalSection(ProjectConfigurationPlatforms) = postSolution
		{536A197A-FA4C-408E-8594-F98851C10E48}.Debug|Any CPU.ActiveCfg = Debug|Any CPU
		{536A197A-FA4C-408E-8594-F98851C10E48}.Debug|Any CPU.Build.0 = Debug|Any CPU
		{536A197A-FA4C-408E-8594-F98851C10E48}.Release|Any CPU.ActiveCfg = Release|Any CPU
		{536A197A-FA4C-408E-8594-F98851C10E48}.Release|Any CPU.Build.0 = Release|Any CPU
	EndGlobalSection
	GlobalSection(SolutionProperties) = preSolution
		HideSolutionNode = FALSE
	EndGlobalSection
	GlobalSection(ExtensibilityGlobals) = postSolution
		SolutionGuid = {A441EF37-F8BC-4DF9-8128-70D6A936E5AD}
	EndGlobalSection
EndGlobal
